PODS:
  - ASIHTTPRequest (1.8.2):
    - ASIHTTPRequest/ASIWebPageRequest (= 1.8.2)
    - ASIHTTPRequest/CloudFiles (= 1.8.2)
    - ASIHTTPRequest/Core (= 1.8.2)
    - ASIHTTPRequest/S3 (= 1.8.2)
  - ASIHTTPRequest/ASIWebPageRequest (1.8.2):
    - ASIHTTPRequest/Core
  - ASIHTTPRequest/CloudFiles (1.8.2):
    - ASIHTTPRequest/Core
  - ASIHTTPRequest/Core (1.8.2):
    - Reachability
  - ASIHTTPRequest/S3 (1.8.2):
    - ASIHTTPRequest/Core
  - AVOSCloud (12.1.3)
  - IQKeyboardManager (6.5.5)
  - Masonry (1.1.0)
  - MJRefresh (3.4.3)
  - Reachability (3.2)
  - YYCache (1.0.4)

DEPENDENCIES:
  - ASIHTTPRequest
  - AVOSCloud
  - IQKeyboardManager
  - Masonry
  - MJRefresh
  - YYCache

SPEC REPOS:
  trunk:
    - ASIHTTPRequest
    - AVOSCloud
    - IQKeyboardManager
    - Masonry
    - MJRefresh
    - Reachability
    - YYCache

SPEC CHECKSUMS:
  ASIHTTPRequest: ec013992946676b7978dcbde6396d57312d21db4
  AVOSCloud: e7fe301df4aee080e61b25aa190345fb9d1e0186
  IQKeyboardManager: 3a8b9e603f8b0eeaf5f096a1f2b2cfcf121992ef
  Masonry: 678fab65091a9290e40e2832a55e7ab731aad201
  MJRefresh: 53e3e3219f204425ee6d3e62e8733d3295944cd6
  Reachability: 33e18b67625424e47b6cde6d202dce689ad7af96
  YYCache: 8105b6638f5e849296c71f331ff83891a4942952

PODFILE CHECKSUM: 7f01896a638fbe5d49ef3b9ca6c1acd7636af01a

COCOAPODS: 1.10.0
